// !$*UTF8*$!
{
	archiveVersion = 1;
	classes = {
	};
	objectVersion = 55;
	objects = {

/* Begin PBXBuildFile section */
		C90E953FC6DC2B4510448047 /* Pods_DemoTCity.framework in Frameworks */ = {isa = PBXBuildFile; fileRef = CC2ED8D0A07B6BBDF0CB5216 /* Pods_DemoTCity.framework */; };
		D073A4C22772338900A06DD1 /* AppDelegate.swift in Sources */ = {isa = PBXBuildFile; fileRef = D073A4C12772338900A06DD1 /* AppDelegate.swift */; };
		D073A4C42772338900A06DD1 /* SceneDelegate.swift in Sources */ = {isa = PBXBuildFile; fileRef = D073A4C32772338900A06DD1 /* SceneDelegate.swift */; };
		D073A4C62772338900A06DD1 /* ViewController.swift in Sources */ = {isa = PBXBuildFile; fileRef = D073A4C52772338900A06DD1 /* ViewController.swift */; };
		D073A4C92772338900A06DD1 /* Main.storyboard in Resources */ = {isa = PBXBuildFile; fileRef = D073A4C72772338900A06DD1 /* Main.storyboard */; };
		D073A4CB2772338A00A06DD1 /* Assets.xcassets in Resources */ = {isa = PBXBuildFile; fileRef = D073A4CA2772338A00A06DD1 /* Assets.xcassets */; };
		D073A4CE2772338A00A06DD1 /* LaunchScreen.storyboard in Resources */ = {isa = PBXBuildFile; fileRef = D073A4CC2772338A00A06DD1 /* LaunchScreen.storyboard */; };
		D07DB9DE2773AD750082B314 /* export.plist in Resources */ = {isa = PBXBuildFile; fileRef = D07DB9DD2773AD750082B314 /* export.plist */; };
/* End PBXBuildFile section */

/* Begin PBXFileReference section */
		44545E1A715A2B65E937CB53 /* Pods-DemoTCity.debug.xcconfig */ = {isa = PBXFileReference; includeInIndex = 1; lastKnownFileType = text.xcconfig; name = "Pods-DemoTCity.debug.xcconfig"; path = "Target Support Files/Pods-DemoTCity/Pods-DemoTCity.debug.xcconfig"; sourceTree = "<group>"; };
		6E03F67913E1B86CF0A471F7 /* Pods-DemoTCity.release.xcconfig */ = {isa = PBXFileReference; includeInIndex = 1; lastKnownFileType = text.xcconfig; name = "Pods-DemoTCity.release.xcconfig"; path = "Target Support Files/Pods-DemoTCity/Pods-DemoTCity.release.xcconfig"; sourceTree = "<group>"; };
		CC2ED8D0A07B6BBDF0CB5216 /* Pods_DemoTCity.framework */ = {isa = PBXFileReference; explicitFileType = wrapper.framework; includeInIndex = 0; path = Pods_DemoTCity.framework; sourceTree = BUILT_PRODUCTS_DIR; };
		D073A4BE2772338900A06DD1 /* DemoTCity.app */ = {isa = PBXFileReference; explicitFileType = wrapper.application; includeInIndex = 0; path = DemoTCity.app; sourceTree = BUILT_PRODUCTS_DIR; };
		D073A4C12772338900A06DD1 /* AppDelegate.swift */ = {isa = PBXFileReference; lastKnownFileType = sourcecode.swift; path = AppDelegate.swift; sourceTree = "<group>"; };
		D073A4C32772338900A06DD1 /* SceneDelegate.swift */ = {isa = PBXFileReference; lastKnownFileType = sourcecode.swift; path = SceneDelegate.swift; sourceTree = "<group>"; };
		D073A4C52772338900A06DD1 /* ViewController.swift */ = {isa = PBXFileReference; lastKnownFileType = sourcecode.swift; path = ViewController.swift; sourceTree = "<group>"; };
		D073A4C82772338900A06DD1 /* Base */ = {isa = PBXFileReference; lastKnownFileType = file.storyboard; name = Base; path = Base.lproj/Main.storyboard; sourceTree = "<group>"; };
		D073A4CA2772338A00A06DD1 /* Assets.xcassets */ = {isa = PBXFileReference; lastKnownFileType = folder.assetcatalog; path = Assets.xcassets; sourceTree = "<group>"; };
		D073A4CD2772338A00A06DD1 /* Base */ = {isa = PBXFileReference; lastKnownFileType = file.storyboard; name = Base; path = Base.lproj/LaunchScreen.storyboard; sourceTree = "<group>"; };
		D073A4CF2772338A00A06DD1 /* Info.plist */ = {isa = PBXFileReference; lastKnownFileType = text.plist.xml; path = Info.plist; sourceTree = "<group>"; };
		D07DB9DD2773AD750082B314 /* export.plist */ = {isa = PBXFileReference; lastKnownFileType = text.plist.xml; path = export.plist; sourceTree = "<group>"; };
/* End PBXFileReference section */

/* Begin PBXFrameworksBuildPhase section */
		D073A4BB2772338900A06DD1 /* Frameworks */ = {
			isa = PBXFrameworksBuildPhase;
			buildActionMask = 2147483647;
			files = (
				C90E953FC6DC2B4510448047 /* Pods_DemoTCity.framework in Frameworks */,
			);
			runOnlyForDeploymentPostprocessing = 0;
		};
/* End PBXFrameworksBuildPhase section */

/* Begin PBXGroup section */
		D073A4B52772338900A06DD1 = {
			isa = PBXGroup;
			children = (
				D073A4C02772338900A06DD1 /* DemoTCity */,
				D073A4BF2772338900A06DD1 /* Products */,
				F728CD3C3A481D70E2DD8B34 /* Pods */,
				D655A9E8BF37D9CCF2105EEC /* Frameworks */,
			);
			sourceTree = "<group>";
		};
		D073A4BF2772338900A06DD1 /* Products */ = {
			isa = PBXGroup;
			children = (
				D073A4BE2772338900A06DD1 /* DemoTCity.app */,
			);
			name = Products;
			sourceTree = "<group>";
		};
		D073A4C02772338900A06DD1 /* DemoTCity */ = {
			isa = PBXGroup;
			children = (
				D07DB9DC2773AD2A0082B314 /* Config */,
				D073A4C12772338900A06DD1 /* AppDelegate.swift */,
				D073A4C32772338900A06DD1 /* SceneDelegate.swift */,
				D073A4C52772338900A06DD1 /* ViewController.swift */,
				D073A4C72772338900A06DD1 /* Main.storyboard */,
				D073A4CA2772338A00A06DD1 /* Assets.xcassets */,
				D073A4CC2772338A00A06DD1 /* LaunchScreen.storyboard */,
				D073A4CF2772338A00A06DD1 /* Info.plist */,
			);
			path = DemoTCity;
			sourceTree = "<group>";
		};
		D07DB9DC2773AD2A0082B314 /* Config */ = {
			isa = PBXGroup;
			children = (
				D07DB9DD2773AD750082B314 /* export.plist */,
			);
			path = Config;
			sourceTree = "<group>";
		};
		D655A9E8BF37D9CCF2105EEC /* Frameworks */ = {
			isa = PBXGroup;
			children = (
				CC2ED8D0A07B6BBDF0CB5216 /* Pods_DemoTCity.framework */,
			);
			name = Frameworks;
			sourceTree = "<group>";
		};
		F728CD3C3A481D70E2DD8B34 /* Pods */ = {
			isa = PBXGroup;
			children = (
				44545E1A715A2B65E937CB53 /* Pods-DemoTCity.debug.xcconfig */,
				6E03F67913E1B86CF0A471F7 /* Pods-DemoTCity.release.xcconfig */,
			);
			name = Pods;
			path = Pods;
			sourceTree = "<group>";
		};
/* End PBXGroup section */

/* Begin PBXNativeTarget section */
		D073A4BD2772338900A06DD1 /* DemoTCity */ = {
			isa = PBXNativeTarget;
			buildConfigurationList = D073A4D22772338A00A06DD1 /* Build configuration list for PBXNativeTarget "DemoTCity" */;
			buildPhases = (
				2B53DD16E99C75B49737529C /* [CP] Check Pods Manifest.lock */,
				D073A4BA2772338900A06DD1 /* Sources */,
				D073A4BB2772338900A06DD1 /* Frameworks */,
				D073A4BC2772338900A06DD1 /* Resources */,
				3479DF517215659D18C0348A /* [CP] Embed Pods Frameworks */,
			);
			buildRules = (
			);
			dependencies = (
			);
			name = DemoTCity;
			productName = DemoTCity;
			productReference = D073A4BE2772338900A06DD1 /* DemoTCity.app */;
			productType = "com.apple.product-type.application";
		};
/* End PBXNativeTarget section */

/* Begin PBXProject section */
		D073A4B62772338900A06DD1 /* Project object */ = {
			isa = PBXProject;
			attributes = {
				BuildIndependentTargetsInParallel = 1;
				LastSwiftUpdateCheck = 1300;
				LastUpgradeCheck = 1300;
				TargetAttributes = {
					D073A4BD2772338900A06DD1 = {
						CreatedOnToolsVersion = 13.0;
					};
				};
			};
			buildConfigurationList = D073A4B92772338900A06DD1 /* Build configuration list for PBXProject "DemoTCity" */;
			compatibilityVersion = "Xcode 13.0";
			developmentRegion = en;
			hasScannedForEncodings = 0;
			knownRegions = (
				en,
				Base,
			);
			mainGroup = D073A4B52772338900A06DD1;
			productRefGroup = D073A4BF2772338900A06DD1 /* Products */;
			projectDirPath = "";
			projectRoot = "";
			targets = (
				D073A4BD2772338900A06DD1 /* DemoTCity */,
			);
		};
/* End PBXProject section */

/* Begin PBXResourcesBuildPhase section */
		D073A4BC2772338900A06DD1 /* Resources */ = {
			isa = PBXResourcesBuildPhase;
			buildActionMask = 2147483647;
			files = (
				D07DB9DE2773AD750082B314 /* export.plist in Resources */,
				D073A4CE2772338A00A06DD1 /* LaunchScreen.storyboard in Resources */,
				D073A4CB2772338A00A06DD1 /* Assets.xcassets in Resources */,
				D073A4C92772338900A06DD1 /* Main.storyboard in Resources */,
			);
			runOnlyForDeploymentPostprocessing = 0;
		};
/* End PBXResourcesBuildPhase section */

/* Begin PBXShellScriptBuildPhase section */
		2B53DD16E99C75B49737529C /* [CP] Check Pods Manifest.lock */ = {
			isa = PBXShellScriptBuildPhase;
			buildActionMask = 2147483647;
			files = (
			);
			inputFileListPaths = (
			);
			inputPaths = (
				"${PODS_PODFILE_DIR_PATH}/Podfile.lock",
				"${PODS_ROOT}/Manifest.lock",
			);
			name = "[CP] Check Pods Manifest.lock";
			outputFileListPaths = (
			);
			outputPaths = (
				"$(DERIVED_FILE_DIR)/Pods-DemoTCity-checkManifestLockResult.txt",
			);
			runOnlyForDeploymentPostprocessing = 0;
			shellPath = /bin/sh;
			shellScript = "diff \"${PODS_PODFILE_DIR_PATH}/Podfile.lock\" \"${PODS_ROOT}/Manifest.lock\" > /dev/null\nif [ $? != 0 ] ; then\n    # print error to STDERR\n    echo \"error: The sandbox is not in sync with the Podfile.lock. Run 'pod install' or update your CocoaPods installation.\" >&2\n    exit 1\nfi\n# This output is used by Xcode 'outputs' to avoid re-running this script phase.\necho \"SUCCESS\" > \"${SCRIPT_OUTPUT_FILE_0}\"\n";
			showEnvVarsInLog = 0;
		};
		3479DF517215659D18C0348A /* [CP] Embed Pods Frameworks */ = {
			isa = PBXShellScriptBuildPhase;
			buildActionMask = 2147483647;
			files = (
			);
			inputFileListPaths = (
				"${PODS_ROOT}/Target Support Files/Pods-DemoTCity/Pods-DemoTCity-frameworks-${CONFIGURATION}-input-files.xcfilelist",
			);
			name = "[CP] Embed Pods Frameworks";
			outputFileListPaths = (
				"${PODS_ROOT}/Target Support Files/Pods-DemoTCity/Pods-DemoTCity-frameworks-${CONFIGURATION}-output-files.xcfilelist",
			);
			runOnlyForDeploymentPostprocessing = 0;
			shellPath = /bin/sh;
			shellScript = "\"${PODS_ROOT}/Target Support Files/Pods-DemoTCity/Pods-DemoTCity-frameworks.sh\"\n";
			showEnvVarsInLog = 0;
		};
/* End PBXShellScriptBuildPhase section */

/* Begin PBXSourcesBuildPhase section */
		D073A4BA2772338900A06DD1 /* Sources */ = {
			isa = PBXSourcesBuildPhase;
			buildActionMask = 2147483647;
			files = (
				D073A4C62772338900A06DD1 /* ViewController.swift in Sources */,
				D073A4C22772338900A06DD1 /* AppDelegate.swift in Sources */,
				D073A4C42772338900A06DD1 /* SceneDelegate.swift in Sources */,
			);
			runOnlyForDeploymentPostprocessing = 0;
		};
/* End PBXSourcesBuildPhase section */

/* Begin PBXVariantGroup section */
		D073A4C72772338900A06DD1 /* Main.storyboard */ = {
			isa = PBXVariantGroup;
			children = (
				D073A4C82772338900A06DD1 /* Base */,
			);
			name = Main.storyboard;
			sourceTree = "<group>";
		};
		D073A4CC2772338A00A06DD1 /* LaunchScreen.storyboard */ = {
			isa = PBXVariantGroup;
			children = (
				D073A4CD2772338A00A06DD1 /* Base */,
			);
			name = LaunchScreen.storyboard;
			sourceTree = "<group>";
		};
/* End PBXVariantGroup section */

/* Begin XCBuildConfiguration section */
		D073A4D02772338A00A06DD1 /* Debug */ = {
			isa = XCBuildConfiguration;
			buildSettings = {
				ALWAYS_SEARCH_USER_PATHS = NO;
				CLANG_ANALYZER_NONNULL = YES;
				CLANG_ANALYZER_NUMBER_OBJECT_CONVERSION = YES_AGGRESSIVE;
				CLANG_CXX_LANGUAGE_STANDARD = "gnu++17";
				CLANG_CXX_LIBRARY = "libc++";
				CLANG_ENABLE_MODULES = YES;
				CLANG_ENABLE_OBJC_ARC = YES;
				CLANG_ENABLE_OBJC_WEAK = YES;
				CLANG_WARN_BLOCK_CAPTURE_AUTORELEASING = YES;
				CLANG_WARN_BOOL_CONVERSION = YES;
				CLANG_WARN_COMMA = YES;
				CLANG_WARN_CONSTANT_CONVERSION = YES;
				CLANG_WARN_DEPRECATED_OBJC_IMPLEMENTATIONS = YES;
				CLANG_WARN_DIRECT_OBJC_ISA_USAGE = YES_ERROR;
				CLANG_WARN_DOCUMENTATION_COMMENTS = YES;
				CLANG_WARN_EMPTY_BODY = YES;
				CLANG_WARN_ENUM_CONVERSION = YES;
				CLANG_WARN_INFINITE_RECURSION = YES;
				CLANG_WARN_INT_CONVERSION = YES;
				CLANG_WARN_NON_LITERAL_NULL_CONVERSION = YES;
				CLANG_WARN_OBJC_IMPLICIT_RETAIN_SELF = YES;
				CLANG_WARN_OBJC_LITERAL_CONVERSION = YES;
				CLANG_WARN_OBJC_ROOT_CLASS = YES_ERROR;
				CLANG_WARN_QUOTED_INCLUDE_IN_FRAMEWORK_HEADER = YES;
				CLANG_WARN_RANGE_LOOP_ANALYSIS = YES;
				CLANG_WARN_STRICT_PROTOTYPES = YES;
				CLANG_WARN_SUSPICIOUS_MOVE = YES;
				CLANG_WARN_UNGUARDED_AVAILABILITY = YES_AGGRESSIVE;
				CLANG_WARN_UNREACHABLE_CODE = YES;
				CLANG_WARN__DUPLICATE_METHOD_MATCH = YES;
				COPY_PHASE_STRIP = NO;
				DEBUG_INFORMATION_FORMAT = dwarf;
				ENABLE_STRICT_OBJC_MSGSEND = YES;
				ENABLE_TESTABILITY = YES;
				GCC_C_LANGUAGE_STANDARD = gnu11;
				GCC_DYNAMIC_NO_PIC = NO;
				GCC_NO_COMMON_BLOCKS = YES;
				GCC_OPTIMIZATION_LEVEL = 0;
				GCC_PREPROCESSOR_DEFINITIONS = (
					"DEBUG=1",
					"$(inherited)",
				);
				GCC_WARN_64_TO_32_BIT_CONVERSION = YES;
				GCC_WARN_ABOUT_RETURN_TYPE = YES_ERROR;
				GCC_WARN_UNDECLARED_SELECTOR = YES;
				GCC_WARN_UNINITIALIZED_AUTOS = YES_AGGRESSIVE;
				GCC_WARN_UNUSED_FUNCTION = YES;
				GCC_WARN_UNUSED_VARIABLE = YES;
				IPHONEOS_DEPLOYMENT_TARGET = 15.0;
				MTL_ENABLE_DEBUG_INFO = INCLUDE_SOURCE;
				MTL_FAST_MATH = YES;
				ONLY_ACTIVE_ARCH = YES;
				SDKROOT = iphoneos;
				SWIFT_ACTIVE_COMPILATION_CONDITIONS = DEBUG;
				SWIFT_OPTIMIZATION_LEVEL = "-Onone";
			};
			name = Debug;
		};
		D073A4D12772338A00A06DD1 /* Release */ = {
			isa = XCBuildConfiguration;
			buildSettings = {
				ALWAYS_SEARCH_USER_PATHS = NO;
				CLANG_ANALYZER_NONNULL = YES;
				CLANG_ANALYZER_NUMBER_OBJECT_CONVERSION = YES_AGGRESSIVE;
				CLANG_CXX_LANGUAGE_STANDARD = "gnu++17";
				CLANG_CXX_LIBRARY = "libc++";
				CLANG_ENABLE_MODULES = YES;
				CLANG_ENABLE_OBJC_ARC = YES;
				CLANG_ENABLE_OBJC_WEAK = YES;
				CLANG_WARN_BLOCK_CAPTURE_AUTORELEASING = YES;
				CLANG_WARN_BOOL_CONVERSION = YES;
				CLANG_WARN_COMMA = YES;
				CLANG_WARN_CONSTANT_CONVERSION = YES;
				CLANG_WARN_DEPRECATED_OBJC_IMPLEMENTATIONS = YES;
				CLANG_WARN_DIRECT_OBJC_ISA_USAGE = YES_ERROR;
				CLANG_WARN_DOCUMENTATION_COMMENTS = YES;
				CLANG_WARN_EMPTY_BODY = YES;
				CLANG_WARN_ENUM_CONVERSION = YES;
				CLANG_WARN_INFINITE_RECURSION = YES;
				CLANG_WARN_INT_CONVERSION = YES;
				CLANG_WARN_NON_LITERAL_NULL_CONVERSION = YES;
				CLANG_WARN_OBJC_IMPLICIT_RETAIN_SELF = YES;
				CLANG_WARN_OBJC_LITERAL_CONVERSION = YES;
				CLANG_WARN_OBJC_ROOT_CLASS = YES_ERROR;
				CLANG_WARN_QUOTED_INCLUDE_IN_FRAMEWORK_HEADER = YES;
				CLANG_WARN_RANGE_LOOP_ANALYSIS = YES;
				CLANG_WARN_STRICT_PROTOTYPES = YES;
				CLANG_WARN_SUSPICIOUS_MOVE = YES;
				CLANG_WARN_UNGUARDED_AVAILABILITY = YES_AGGRESSIVE;
				CLANG_WARN_UNREACHABLE_CODE = YES;
				CLANG_WARN__DUPLICATE_METHOD_MATCH = YES;
				COPY_PHASE_STRIP = NO;
				DEBUG_INFORMATION_FORMAT = "dwarf-with-dsym";
				ENABLE_NS_ASSERTIONS = NO;
				ENABLE_STRICT_OBJC_MSGSEND = YES;
				GCC_C_LANGUAGE_STANDARD = gnu11;
				GCC_NO_COMMON_BLOCKS = YES;
				GCC_WARN_64_TO_32_BIT_CONVERSION = YES;
				GCC_WARN_ABOUT_RETURN_TYPE = YES_ERROR;
				GCC_WARN_UNDECLARED_SELECTOR = YES;
				GCC_WARN_UNINITIALIZED_AUTOS = YES_AGGRESSIVE;
				GCC_WARN_UNUSED_FUNCTION = YES;
				GCC_WARN_UNUSED_VARIABLE = YES;
				IPHONEOS_DEPLOYMENT_TARGET = 15.0;
				MTL_ENABLE_DEBUG_INFO = NO;
				MTL_FAST_MATH = YES;
				SDKROOT = iphoneos;
				SWIFT_COMPILATION_MODE = wholemodule;
				SWIFT_OPTIMIZATION_LEVEL = "-O";
				VALIDATE_PRODUCT = YES;
			};
			name = Release;
		};
		D073A4D32772338A00A06DD1 /* Debug */ = {
			isa = XCBuildConfiguration;
			baseConfigurationReference = 44545E1A715A2B65E937CB53 /* Pods-DemoTCity.debug.xcconfig */;
			buildSettings = {
				ASSETCATALOG_COMPILER_APPICON_NAME = AppIcon;
				ASSETCATALOG_COMPILER_GLOBAL_ACCENT_COLOR_NAME = AccentColor;
				CODE_SIGN_IDENTITY = "iPhone Distribution";
				CODE_SIGN_STYLE = Manual;
				CURRENT_PROJECT_VERSION = 1;
				DEVELOPMENT_TEAM = 2KAL3NND99;
				GENERATE_INFOPLIST_FILE = YES;
				INFOPLIST_FILE = DemoTCity/Info.plist;
				INFOPLIST_KEY_UIApplicationSupportsIndirectInputEvents = YES;
				INFOPLIST_KEY_UILaunchStoryboardName = LaunchScreen;
				INFOPLIST_KEY_UIMainStoryboardFile = Main;
				INFOPLIST_KEY_UISupportedInterfaceOrientations_iPad = "UIInterfaceOrientationPortrait UIInterfaceOrientationPortraitUpsideDown UIInterfaceOrientationLandscapeLeft UIInterfaceOrientationLandscapeRight";
				INFOPLIST_KEY_UISupportedInterfaceOrientations_iPhone = "UIInterfaceOrientationPortrait UIInterfaceOrientationLandscapeLeft UIInterfaceOrientationLandscapeRight";
				LD_RUNPATH_SEARCH_PATHS = (
					"$(inherited)",
					"@executable_path/Frameworks",
				);
				MARKETING_VERSION = 1.0;
				PRODUCT_BUNDLE_IDENTIFIER = com.A1Distribute.all;
				PRODUCT_NAME = "$(TARGET_NAME)";
				PROVISIONING_PROFILE_SPECIFIER = com.A1Distribution.all;
				SWIFT_EMIT_LOC_STRINGS = YES;
				SWIFT_VERSION = 5.0;
				TARGETED_DEVICE_FAMILY = "1,2";
			};
			name = Debug;
		};
		D073A4D42772338A00A06DD1 /* Release */ = {
			isa = XCBuildConfiguration;
			baseConfigurationReference = 6E03F67913E1B86CF0A471F7 /* Pods-DemoTCity.release.xcconfig */;
			buildSettings = {
				ASSETCATALOG_COMPILER_APPICON_NAME = AppIcon;
				ASSETCATALOG_COMPILER_GLOBAL_ACCENT_COLOR_NAME = AccentColor;
				CODE_SIGN_IDENTITY = "iPhone Distribution";
				CODE_SIGN_STYLE = Manual;
				CURRENT_PROJECT_VERSION = 1;
				DEVELOPMENT_TEAM = 2KAL3NND99;
				GENERATE_INFOPLIST_FILE = YES;
				INFOPLIST_FILE = DemoTCity/Info.plist;
				INFOPLIST_KEY_UIApplicationSupportsIndirectInputEvents = YES;
				INFOPLIST_KEY_UILaunchStoryboardName = LaunchScreen;
				INFOPLIST_KEY_UIMainStoryboardFile = Main;
				INFOPLIST_KEY_UISupportedInterfaceOrientations_iPad = "UIInterfaceOrientationPortrait UIInterfaceOrientationPortraitUpsideDown UIInterfaceOrientationLandscapeLeft UIInterfaceOrientationLandscapeRight";
				INFOPLIST_KEY_UISupportedInterfaceOrientations_iPhone = "UIInterfaceOrientationPortrait UIInterfaceOrientationLandscapeLeft UIInterfaceOrientationLandscapeRight";
				LD_RUNPATH_SEARCH_PATHS = (
					"$(inherited)",
					"@executable_path/Frameworks",
				);
				MARKETING_VERSION = 1.0;
				PRODUCT_BUNDLE_IDENTIFIER = com.A1Distribute.all;
				PRODUCT_NAME = "$(TARGET_NAME)";
				PROVISIONING_PROFILE_SPECIFIER = com.A1Distribution.all;
				SWIFT_EMIT_LOC_STRINGS = YES;
				SWIFT_VERSION = 5.0;
				TARGETED_DEVICE_FAMILY = "1,2";
			};
			name = Release;
		};
/* End XCBuildConfiguration section */

/* Begin XCConfigurationList section */
		D073A4B92772338900A06DD1 /* Build configuration list for PBXProject "DemoTCity" */ = {
			isa = XCConfigurationList;
			buildConfigurations = (
				D073A4D02772338A00A06DD1 /* Debug */,
				D073A4D12772338A00A06DD1 /* Release */,
			);
			defaultConfigurationIsVisible = 0;
			defaultConfigurationName = Release;
		};
		D073A4D22772338A00A06DD1 /* Build configuration list for PBXNativeTarget "DemoTCity" */ = {
			isa = XCConfigurationList;
			buildConfigurations = (
				D073A4D32772338A00A06DD1 /* Debug */,
				D073A4D42772338A00A06DD1 /* Release */,
			);
			defaultConfigurationIsVisible = 0;
			defaultConfigurationName = Release;
		};
/* End XCConfigurationList section */
	};
	rootObject = D073A4B62772338900A06DD1 /* Project object */;
}
